// !$*UTF8*$!
{
	archiveVersion = 1;
	classes = {
	};
	objectVersion = 56;
	objects = {

/* Begin PBXBuildFile section */
		81726EB62B7F2F2A004F30A1 /* ApiVariables.swift in Sources */ = {isa = PBXBuildFile; fileRef = 81726EB52B7F2F2A004F30A1 /* ApiVariables.swift */; };
		81726EB92B7F2FE5004F30A1 /* Movie.swift in Sources */ = {isa = PBXBuildFile; fileRef = 81726EB82B7F2FE5004F30A1 /* Movie.swift */; };
		81726EBB2B7F303F004F30A1 /* MovieResults.swift in Sources */ = {isa = PBXBuildFile; fileRef = 81726EBA2B7F303F004F30A1 /* MovieResults.swift */; };
		81726EBF2B7F37B3004F30A1 /* MovieTableViewCell.swift in Sources */ = {isa = PBXBuildFile; fileRef = 81726EBD2B7F37B3004F30A1 /* MovieTableViewCell.swift */; };
		81726EC02B7F37B3004F30A1 /* MovieTableViewCell.xib in Resources */ = {isa = PBXBuildFile; fileRef = 81726EBE2B7F37B3004F30A1 /* MovieTableViewCell.xib */; };
		81C19FCF2B7E901900BF4DAD /* AppDelegate.swift in Sources */ = {isa = PBXBuildFile; fileRef = 81C19FCE2B7E901900BF4DAD /* AppDelegate.swift */; };
		81C19FD12B7E901900BF4DAD /* SceneDelegate.swift in Sources */ = {isa = PBXBuildFile; fileRef = 81C19FD02B7E901900BF4DAD /* SceneDelegate.swift */; };
		81C19FD32B7E901900BF4DAD /* ViewController.swift in Sources */ = {isa = PBXBuildFile; fileRef = 81C19FD22B7E901900BF4DAD /* ViewController.swift */; };
		81C19FD62B7E901900BF4DAD /* Main.storyboard in Resources */ = {isa = PBXBuildFile; fileRef = 81C19FD42B7E901900BF4DAD /* Main.storyboard */; };
		81C19FD82B7E901A00BF4DAD /* Assets.xcassets in Resources */ = {isa = PBXBuildFile; fileRef = 81C19FD72B7E901A00BF4DAD /* Assets.xcassets */; };
		81C19FDB2B7E901A00BF4DAD /* LaunchScreen.storyboard in Resources */ = {isa = PBXBuildFile; fileRef = 81C19FD92B7E901A00BF4DAD /* LaunchScreen.storyboard */; };
/* End PBXBuildFile section */

/* Begin PBXFileReference section */
		81726EB52B7F2F2A004F30A1 /* ApiVariables.swift */ = {isa = PBXFileReference; lastKnownFileType = sourcecode.swift; path = ApiVariables.swift; sourceTree = "<group>"; };
		81726EB82B7F2FE5004F30A1 /* Movie.swift */ = {isa = PBXFileReference; lastKnownFileType = sourcecode.swift; path = Movie.swift; sourceTree = "<group>"; };
		81726EBA2B7F303F004F30A1 /* MovieResults.swift */ = {isa = PBXFileReference; lastKnownFileType = sourcecode.swift; path = MovieResults.swift; sourceTree = "<group>"; };
		81726EBD2B7F37B3004F30A1 /* MovieTableViewCell.swift */ = {isa = PBXFileReference; lastKnownFileType = sourcecode.swift; path = MovieTableViewCell.swift; sourceTree = "<group>"; };
		81726EBE2B7F37B3004F30A1 /* MovieTableViewCell.xib */ = {isa = PBXFileReference; lastKnownFileType = file.xib; path = MovieTableViewCell.xib; sourceTree = "<group>"; };
		81C19FCB2B7E901900BF4DAD /* Movie Searcher.app */ = {isa = PBXFileReference; explicitFileType = wrapper.application; includeInIndex = 0; path = "Movie Searcher.app"; sourceTree = BUILT_PRODUCTS_DIR; };
		81C19FCE2B7E901900BF4DAD /* AppDelegate.swift */ = {isa = PBXFileReference; lastKnownFileType = sourcecode.swift; path = AppDelegate.swift; sourceTree = "<group>"; };
		81C19FD02B7E901900BF4DAD /* SceneDelegate.swift */ = {isa = PBXFileReference; lastKnownFileType = sourcecode.swift; path = SceneDelegate.swift; sourceTree = "<group>"; };
		81C19FD22B7E901900BF4DAD /* ViewController.swift */ = {isa = PBXFileReference; lastKnownFileType = sourcecode.swift; path = ViewController.swift; sourceTree = "<group>"; };
		81C19FD52B7E901900BF4DAD /* Base */ = {isa = PBXFileReference; lastKnownFileType = file.storyboard; name = Base; path = Base.lproj/Main.storyboard; sourceTree = "<group>"; };
		81C19FD72B7E901A00BF4DAD /* Assets.xcassets */ = {isa = PBXFileReference; lastKnownFileType = folder.assetcatalog; path = Assets.xcassets; sourceTree = "<group>"; };
		81C19FDA2B7E901A00BF4DAD /* Base */ = {isa = PBXFileReference; lastKnownFileType = file.storyboard; name = Base; path = Base.lproj/LaunchScreen.storyboard; sourceTree = "<group>"; };
		81C19FDC2B7E901A00BF4DAD /* Info.plist */ = {isa = PBXFileReference; lastKnownFileType = text.plist.xml; path = Info.plist; sourceTree = "<group>"; };
/* End PBXFileReference section */

/* Begin PBXFrameworksBuildPhase section */
		81C19FC82B7E901900BF4DAD /* Frameworks */ = {
			isa = PBXFrameworksBuildPhase;
			buildActionMask = 2147483647;
			files = (
			);
			runOnlyForDeploymentPostprocessing = 0;
		};
/* End PBXFrameworksBuildPhase section */

/* Begin PBXGroup section */
		812D3DBC2B836A8700E58D79 /* View Controllers */ = {
			isa = PBXGroup;
			children = (
			);
			path = "View Controllers";
			sourceTree = "<group>";
		};
		81726EB42B7F2F14004F30A1 /* ApiSettings */ = {
			isa = PBXGroup;
			children = (
				81726EB52B7F2F2A004F30A1 /* ApiVariables.swift */,
			);
			path = ApiSettings;
			sourceTree = "<group>";
		};
		81726EB72B7F2FD2004F30A1 /* Models */ = {
			isa = PBXGroup;
			children = (
				81726EB82B7F2FE5004F30A1 /* Movie.swift */,
				81726EBA2B7F303F004F30A1 /* MovieResults.swift */,
			);
			path = Models;
			sourceTree = "<group>";
		};
		81726EBC2B7F3784004F30A1 /* Views */ = {
			isa = PBXGroup;
			children = (
				81726EBD2B7F37B3004F30A1 /* MovieTableViewCell.swift */,
				81726EBE2B7F37B3004F30A1 /* MovieTableViewCell.xib */,
			);
			path = Views;
			sourceTree = "<group>";
		};
		81C19FC22B7E901900BF4DAD = {
			isa = PBXGroup;
			children = (
				81C19FCD2B7E901900BF4DAD /* Movie Searcher */,
				81C19FCC2B7E901900BF4DAD /* Products */,
			);
			sourceTree = "<group>";
		};
		81C19FCC2B7E901900BF4DAD /* Products */ = {
			isa = PBXGroup;
			children = (
				81C19FCB2B7E901900BF4DAD /* Movie Searcher.app */,
			);
			name = Products;
			sourceTree = "<group>";
		};
		81C19FCD2B7E901900BF4DAD /* Movie Searcher */ = {
			isa = PBXGroup;
			children = (
				812D3DBC2B836A8700E58D79 /* View Controllers */,
				81726EBC2B7F3784004F30A1 /* Views */,
				81726EB72B7F2FD2004F30A1 /* Models */,
				81726EB42B7F2F14004F30A1 /* ApiSettings */,
				81C19FCE2B7E901900BF4DAD /* AppDelegate.swift */,
				81C19FD02B7E901900BF4DAD /* SceneDelegate.swift */,
				81C19FD22B7E901900BF4DAD /* ViewController.swift */,
				81C19FD42B7E901900BF4DAD /* Main.storyboard */,
				81C19FD72B7E901A00BF4DAD /* Assets.xcassets */,
				81C19FD92B7E901A00BF4DAD /* LaunchScreen.storyboard */,
				81C19FDC2B7E901A00BF4DAD /* Info.plist */,
			);
			path = "Movie Searcher";
			sourceTree = "<group>";
		};
/* End PBXGroup section */

/* Begin PBXNativeTarget section */
		81C19FCA2B7E901900BF4DAD /* Movie Searcher */ = {
			isa = PBXNativeTarget;
			buildConfigurationList = 81C19FDF2B7E901A00BF4DAD /* Build configuration list for PBXNativeTarget "Movie Searcher" */;
			buildPhases = (
				81C19FC72B7E901900BF4DAD /* Sources */,
				81C19FC82B7E901900BF4DAD /* Frameworks */,
				81C19FC92B7E901900BF4DAD /* Resources */,
			);
			buildRules = (
			);
			dependencies = (
			);
			name = "Movie Searcher";
			productName = "Movie Searcher";
			productReference = 81C19FCB2B7E901900BF4DAD /* Movie Searcher.app */;
			productType = "com.apple.product-type.application";
		};
/* End PBXNativeTarget section */

/* Begin PBXProject section */
		81C19FC32B7E901900BF4DAD /* Project object */ = {
			isa = PBXProject;
			attributes = {
				BuildIndependentTargetsInParallel = 1;
				LastSwiftUpdateCheck = 1520;
				LastUpgradeCheck = 1520;
				TargetAttributes = {
					81C19FCA2B7E901900BF4DAD = {
						CreatedOnToolsVersion = 15.2;
					};
				};
			};
			buildConfigurationList = 81C19FC62B7E901900BF4DAD /* Build configuration list for PBXProject "Movie Searcher" */;
			compatibilityVersion = "Xcode 14.0";
			developmentRegion = en;
			hasScannedForEncodings = 0;
			knownRegions = (
				en,
				Base,
			);
			mainGroup = 81C19FC22B7E901900BF4DAD;
			productRefGroup = 81C19FCC2B7E901900BF4DAD /* Products */;
			projectDirPath = "";
			projectRoot = "";
			targets = (
				81C19FCA2B7E901900BF4DAD /* Movie Searcher */,
			);
		};
/* End PBXProject section */

/* Begin PBXResourcesBuildPhase section */
		81C19FC92B7E901900BF4DAD /* Resources */ = {
			isa = PBXResourcesBuildPhase;
			buildActionMask = 2147483647;
			files = (
				81C19FDB2B7E901A00BF4DAD /* LaunchScreen.storyboard in Resources */,
				81C19FD82B7E901A00BF4DAD /* Assets.xcassets in Resources */,
				81726EC02B7F37B3004F30A1 /* MovieTableViewCell.xib in Resources */,
				81C19FD62B7E901900BF4DAD /* Main.storyboard in Resources */,
			);
			runOnlyForDeploymentPostprocessing = 0;
		};
/* End PBXResourcesBuildPhase section */

/* Begin PBXSourcesBuildPhase section */
		81C19FC72B7E901900BF4DAD /* Sources */ = {
			isa = PBXSourcesBuildPhase;
			buildActionMask = 2147483647;
			files = (
				81726EB62B7F2F2A004F30A1 /* ApiVariables.swift in Sources */,
				81726EBB2B7F303F004F30A1 /* MovieResults.swift in Sources */,
				81726EBF2B7F37B3004F30A1 /* MovieTableViewCell.swift in Sources */,
				81C19FD32B7E901900BF4DAD /* ViewController.swift in Sources */,
				81C19FCF2B7E901900BF4DAD /* AppDelegate.swift in Sources */,
				81C19FD12B7E901900BF4DAD /* SceneDelegate.swift in Sources */,
				81726EB92B7F2FE5004F30A1 /* Movie.swift in Sources */,
			);
			runOnlyForDeploymentPostprocessing = 0;
		};
/* End PBXSourcesBuildPhase section */

/* Begin PBXVariantGroup section */
		81C19FD42B7E901900BF4DAD /* Main.storyboard */ = {
			isa = PBXVariantGroup;
			children = (
				81C19FD52B7E901900BF4DAD /* Base */,
			);
			name = Main.storyboard;
			sourceTree = "<group>";
		};
		81C19FD92B7E901A00BF4DAD /* LaunchScreen.storyboard */ = {
			isa = PBXVariantGroup;
			children = (
				81C19FDA2B7E901A00BF4DAD /* Base */,
			);
			name = LaunchScreen.storyboard;
			sourceTree = "<group>";
		};
/* End PBXVariantGroup section */

/* Begin XCBuildConfiguration section */
		81C19FDD2B7E901A00BF4DAD /* Debug */ = {
			isa = XCBuildConfiguration;
			buildSettings = {
				ALWAYS_SEARCH_USER_PATHS = NO;
				ASSETCATALOG_COMPILER_GENERATE_SWIFT_ASSET_SYMBOL_EXTENSIONS = YES;
				CLANG_ANALYZER_NONNULL = YES;
				CLANG_ANALYZER_NUMBER_OBJECT_CONVERSION = YES_AGGRESSIVE;
				CLANG_CXX_LANGUAGE_STANDARD = "gnu++20";
				CLANG_ENABLE_MODULES = YES;
				CLANG_ENABLE_OBJC_ARC = YES;
				CLANG_ENABLE_OBJC_WEAK = YES;
				CLANG_WARN_BLOCK_CAPTURE_AUTORELEASING = YES;
				CLANG_WARN_BOOL_CONVERSION = YES;
				CLANG_WARN_COMMA = YES;
				CLANG_WARN_CONSTANT_CONVERSION = YES;
				CLANG_WARN_DEPRECATED_OBJC_IMPLEMENTATIONS = YES;
				CLANG_WARN_DIRECT_OBJC_ISA_USAGE = YES_ERROR;
				CLANG_WARN_DOCUMENTATION_COMMENTS = YES;
				CLANG_WARN_EMPTY_BODY = YES;
				CLANG_WARN_ENUM_CONVERSION = YES;
				CLANG_WARN_INFINITE_RECURSION = YES;
				CLANG_WARN_INT_CONVERSION = YES;
				CLANG_WARN_NON_LITERAL_NULL_CONVERSION = YES;
				CLANG_WARN_OBJC_IMPLICIT_RETAIN_SELF = YES;
				CLANG_WARN_OBJC_LITERAL_CONVERSION = YES;
				CLANG_WARN_OBJC_ROOT_CLASS = YES_ERROR;
				CLANG_WARN_QUOTED_INCLUDE_IN_FRAMEWORK_HEADER = YES;
				CLANG_WARN_RANGE_LOOP_ANALYSIS = YES;
				CLANG_WARN_STRICT_PROTOTYPES = YES;
				CLANG_WARN_SUSPICIOUS_MOVE = YES;
				CLANG_WARN_UNGUARDED_AVAILABILITY = YES_AGGRESSIVE;
				CLANG_WARN_UNREACHABLE_CODE = YES;
				CLANG_WARN__DUPLICATE_METHOD_MATCH = YES;
				COPY_PHASE_STRIP = NO;
				DEBUG_INFORMATION_FORMAT = dwarf;
				ENABLE_STRICT_OBJC_MSGSEND = YES;
				ENABLE_TESTABILITY = YES;
				ENABLE_USER_SCRIPT_SANDBOXING = YES;
				GCC_C_LANGUAGE_STANDARD = gnu17;
				GCC_DYNAMIC_NO_PIC = NO;
				GCC_NO_COMMON_BLOCKS = YES;
				GCC_OPTIMIZATION_LEVEL = 0;
				GCC_PREPROCESSOR_DEFINITIONS = (
					"DEBUG=1",
					"$(inherited)",
				);
				GCC_WARN_64_TO_32_BIT_CONVERSION = YES;
				GCC_WARN_ABOUT_RETURN_TYPE = YES_ERROR;
				GCC_WARN_UNDECLARED_SELECTOR = YES;
				GCC_WARN_UNINITIALIZED_AUTOS = YES_AGGRESSIVE;
				GCC_WARN_UNUSED_FUNCTION = YES;
				GCC_WARN_UNUSED_VARIABLE = YES;
				IPHONEOS_DEPLOYMENT_TARGET = 17.2;
				LOCALIZATION_PREFERS_STRING_CATALOGS = YES;
				MTL_ENABLE_DEBUG_INFO = INCLUDE_SOURCE;
				MTL_FAST_MATH = YES;
				ONLY_ACTIVE_ARCH = YES;
				SDKROOT = iphoneos;
				SWIFT_ACTIVE_COMPILATION_CONDITIONS = "DEBUG $(inherited)";
				SWIFT_OPTIMIZATION_LEVEL = "-Onone";
			};
			name = Debug;
		};
		81C19FDE2B7E901A00BF4DAD /* Release */ = {
			isa = XCBuildConfiguration;
			buildSettings = {
				ALWAYS_SEARCH_USER_PATHS = NO;
				ASSETCATALOG_COMPILER_GENERATE_SWIFT_ASSET_SYMBOL_EXTENSIONS = YES;
				CLANG_ANALYZER_NONNULL = YES;
				CLANG_ANALYZER_NUMBER_OBJECT_CONVERSION = YES_AGGRESSIVE;
				CLANG_CXX_LANGUAGE_STANDARD = "gnu++20";
				CLANG_ENABLE_MODULES = YES;
				CLANG_ENABLE_OBJC_ARC = YES;
				CLANG_ENABLE_OBJC_WEAK = YES;
				CLANG_WARN_BLOCK_CAPTURE_AUTORELEASING = YES;
				CLANG_WARN_BOOL_CONVERSION = YES;
				CLANG_WARN_COMMA = YES;
				CLANG_WARN_CONSTANT_CONVERSION = YES;
				CLANG_WARN_DEPRECATED_OBJC_IMPLEMENTATIONS = YES;
				CLANG_WARN_DIRECT_OBJC_ISA_USAGE = YES_ERROR;
				CLANG_WARN_DOCUMENTATION_COMMENTS = YES;
				CLANG_WARN_EMPTY_BODY = YES;
				CLANG_WARN_ENUM_CONVERSION = YES;
				CLANG_WARN_INFINITE_RECURSION = YES;
				CLANG_WARN_INT_CONVERSION = YES;
				CLANG_WARN_NON_LITERAL_NULL_CONVERSION = YES;
				CLANG_WARN_OBJC_IMPLICIT_RETAIN_SELF = YES;
				CLANG_WARN_OBJC_LITERAL_CONVERSION = YES;
				CLANG_WARN_OBJC_ROOT_CLASS = YES_ERROR;
				CLANG_WARN_QUOTED_INCLUDE_IN_FRAMEWORK_HEADER = YES;
				CLANG_WARN_RANGE_LOOP_ANALYSIS = YES;
				CLANG_WARN_STRICT_PROTOTYPES = YES;
				CLANG_WARN_SUSPICIOUS_MOVE = YES;
				CLANG_WARN_UNGUARDED_AVAILABILITY = YES_AGGRESSIVE;
				CLANG_WARN_UNREACHABLE_CODE = YES;
				CLANG_WARN__DUPLICATE_METHOD_MATCH = YES;
				COPY_PHASE_STRIP = NO;
				DEBUG_INFORMATION_FORMAT = "dwarf-with-dsym";
				ENABLE_NS_ASSERTIONS = NO;
				ENABLE_STRICT_OBJC_MSGSEND = YES;
				ENABLE_USER_SCRIPT_SANDBOXING = YES;
				GCC_C_LANGUAGE_STANDARD = gnu17;
				GCC_NO_COMMON_BLOCKS = YES;
				GCC_WARN_64_TO_32_BIT_CONVERSION = YES;
				GCC_WARN_ABOUT_RETURN_TYPE = YES_ERROR;
				GCC_WARN_UNDECLARED_SELECTOR = YES;
				GCC_WARN_UNINITIALIZED_AUTOS = YES_AGGRESSIVE;
				GCC_WARN_UNUSED_FUNCTION = YES;
				GCC_WARN_UNUSED_VARIABLE = YES;
				IPHONEOS_DEPLOYMENT_TARGET = 17.2;
				LOCALIZATION_PREFERS_STRING_CATALOGS = YES;
				MTL_ENABLE_DEBUG_INFO = NO;
				MTL_FAST_MATH = YES;
				SDKROOT = iphoneos;
				SWIFT_COMPILATION_MODE = wholemodule;
				VALIDATE_PRODUCT = YES;
			};
			name = Release;
		};
		81C19FE02B7E901A00BF4DAD /* Debug */ = {
			isa = XCBuildConfiguration;
			buildSettings = {
				ASSETCATALOG_COMPILER_APPICON_NAME = AppIcon;
				ASSETCATALOG_COMPILER_GLOBAL_ACCENT_COLOR_NAME = AccentColor;
				CODE_SIGN_STYLE = Automatic;
				CURRENT_PROJECT_VERSION = 1;
				DEVELOPMENT_TEAM = H7M7SRPDZY;
				GENERATE_INFOPLIST_FILE = YES;
				INFOPLIST_FILE = "Movie Searcher/Info.plist";
				INFOPLIST_KEY_CFBundleDisplayName = "Movie Searcher";
				INFOPLIST_KEY_UIApplicationSupportsIndirectInputEvents = YES;
				INFOPLIST_KEY_UILaunchStoryboardName = LaunchScreen;
				INFOPLIST_KEY_UIMainStoryboardFile = Main;
				INFOPLIST_KEY_UISupportedInterfaceOrientations_iPad = "UIInterfaceOrientationPortrait UIInterfaceOrientationPortraitUpsideDown UIInterfaceOrientationLandscapeLeft UIInterfaceOrientationLandscapeRight";
				INFOPLIST_KEY_UISupportedInterfaceOrientations_iPhone = "UIInterfaceOrientationPortrait UIInterfaceOrientationLandscapeLeft UIInterfaceOrientationLandscapeRight";
				IPHONEOS_DEPLOYMENT_TARGET = 13.2;
				LD_RUNPATH_SEARCH_PATHS = (
					"$(inherited)",
					"@executable_path/Frameworks",
				);
				MARKETING_VERSION = 1.0;
				PRODUCT_BUNDLE_IDENTIFIER = "com.bartugkaancelebi.Movie-Searcher";
				PRODUCT_NAME = "$(TARGET_NAME)";
				SWIFT_EMIT_LOC_STRINGS = YES;
				SWIFT_VERSION = 5.0;
				TARGETED_DEVICE_FAMILY = "1,2";
			};
			name = Debug;
		};
		81C19FE12B7E901A00BF4DAD /* Release */ = {
			isa = XCBuildConfiguration;
			buildSettings = {
				ASSETCATALOG_COMPILER_APPICON_NAME = AppIcon;
				ASSETCATALOG_COMPILER_GLOBAL_ACCENT_COLOR_NAME = AccentColor;
				CODE_SIGN_STYLE = Automatic;
				CURRENT_PROJECT_VERSION = 1;
				DEVELOPMENT_TEAM = H7M7SRPDZY;
				GENERATE_INFOPLIST_FILE = YES;
				INFOPLIST_FILE = "Movie Searcher/Info.plist";
				INFOPLIST_KEY_CFBundleDisplayName = "Movie Searcher";
				INFOPLIST_KEY_UIApplicationSupportsIndirectInputEvents = YES;
				INFOPLIST_KEY_UILaunchStoryboardName = LaunchScreen;
				INFOPLIST_KEY_UIMainStoryboardFile = Main;
				INFOPLIST_KEY_UISupportedInterfaceOrientations_iPad = "UIInterfaceOrientationPortrait UIInterfaceOrientationPortraitUpsideDown UIInterfaceOrientationLandscapeLeft UIInterfaceOrientationLandscapeRight";
				INFOPLIST_KEY_UISupportedInterfaceOrientations_iPhone = "UIInterfaceOrientationPortrait UIInterfaceOrientationLandscapeLeft UIInterfaceOrientationLandscapeRight";
				IPHONEOS_DEPLOYMENT_TARGET = 13.2;
				LD_RUNPATH_SEARCH_PATHS = (
					"$(inherited)",
					"@executable_path/Frameworks",
				);
				MARKETING_VERSION = 1.0;
				PRODUCT_BUNDLE_IDENTIFIER = "com.bartugkaancelebi.Movie-Searcher";
				PRODUCT_NAME = "$(TARGET_NAME)";
				SWIFT_EMIT_LOC_STRINGS = YES;
				SWIFT_VERSION = 5.0;
				TARGETED_DEVICE_FAMILY = "1,2";
			};
			name = Release;
		};
/* End XCBuildConfiguration section */

/* Begin XCConfigurationList section */
		81C19FC62B7E901900BF4DAD /* Build configuration list for PBXProject "Movie Searcher" */ = {
			isa = XCConfigurationList;
			buildConfigurations = (
				81C19FDD2B7E901A00BF4DAD /* Debug */,
				81C19FDE2B7E901A00BF4DAD /* Release */,
			);
			defaultConfigurationIsVisible = 0;
			defaultConfigurationName = Release;
		};
		81C19FDF2B7E901A00BF4DAD /* Build configuration list for PBXNativeTarget "Movie Searcher" */ = {
			isa = XCConfigurationList;
			buildConfigurations = (
				81C19FE02B7E901A00BF4DAD /* Debug */,
				81C19FE12B7E901A00BF4DAD /* Release */,
			);
			defaultConfigurationIsVisible = 0;
			defaultConfigurationName = Release;
		};
/* End XCConfigurationList section */
	};
	rootObject = 81C19FC32B7E901900BF4DAD /* Project object */;
}
